
Microsoft Visual Studio Solution File, Format Version 12.00
# Visual Studio Version 17
VisualStudioVersion = 17.14.36310.24 d17.14
MinimumVisualStudioVersion = 10.0.40219.1
Project("{FAE04EC0-301F-11D3-BF4B-00C04F79EFBC}") = "BugStatisticsDashboard.Application", "BugStatisticsDashboard.Application\BugStatisticsDashboard.Application.csproj", "{74B5A484-0710-464C-BA7E-A5371F1B56F3}"
EndProject
Project("{FAE04EC0-301F-11D3-BF4B-00C04F79EFBC}") = "BugStatisticsDashboard.Core", "BugStatisticsDashboard.Core\BugStatisticsDashboard.Core.csproj", "{AD8C1483-028B-4C95-9189-BE05CBF7C3C9}"
EndProject
Project("{FAE04EC0-301F-11D3-BF4B-00C04F79EFBC}") = "BugStatisticsDashboard.Infrastructure", "BugStatisticsDashboard.Infrastructure\BugStatisticsDashboard.Infrastructure.csproj", "{DF31E4F7-C9AB-4997-943E-E3C8D45CBF5E}"
EndProject
Project("{FAE04EC0-301F-11D3-BF4B-00C04F79EFBC}") = "BugStatisticsDashboard.ConsoleUI", "BugStatisticsDashboard.ConsoleUI\BugStatisticsDashboard.ConsoleUI.csproj", "{E1C14639-802C-4AAF-9AE3-F0DF8B1C1B2D}"
EndProject
Global
	GlobalSection(SolutionConfigurationPlatforms) = preSolution
		Debug|Any CPU = Debug|Any CPU
		Release|Any CPU = Release|Any CPU
	EndGlobalSection
	GlobalSection(ProjectConfigurationPlatforms) = postSolution
		{74B5A484-0710-464C-BA7E-A5371F1B56F3}.Debug|Any CPU.ActiveCfg = Debug|Any CPU
		{74B5A484-0710-464C-BA7E-A5371F1B56F3}.Debug|Any CPU.Build.0 = Debug|Any CPU
		{74B5A484-0710-464C-BA7E-A5371F1B56F3}.Release|Any CPU.ActiveCfg = Release|Any CPU
		{74B5A484-0710-464C-BA7E-A5371F1B56F3}.Release|Any CPU.Build.0 = Release|Any CPU
		{AD8C1483-028B-4C95-9189-BE05CBF7C3C9}.Debug|Any CPU.ActiveCfg = Debug|Any CPU
		{AD8C1483-028B-4C95-9189-BE05CBF7C3C9}.Debug|Any CPU.Build.0 = Debug|Any CPU
		{AD8C1483-028B-4C95-9189-BE05CBF7C3C9}.Release|Any CPU.ActiveCfg = Release|Any CPU
		{AD8C1483-028B-4C95-9189-BE05CBF7C3C9}.Release|Any CPU.Build.0 = Release|Any CPU
		{DF31E4F7-C9AB-4997-943E-E3C8D45CBF5E}.Debug|Any CPU.ActiveCfg = Debug|Any CPU
		{DF31E4F7-C9AB-4997-943E-E3C8D45CBF5E}.Debug|Any CPU.Build.0 = Debug|Any CPU
		{DF31E4F7-C9AB-4997-943E-E3C8D45CBF5E}.Release|Any CPU.ActiveCfg = Release|Any CPU
		{DF31E4F7-C9AB-4997-943E-E3C8D45CBF5E}.Release|Any CPU.Build.0 = Release|Any CPU
		{E1C14639-802C-4AAF-9AE3-F0DF8B1C1B2D}.Debug|Any CPU.ActiveCfg = Debug|Any CPU
		{E1C14639-802C-4AAF-9AE3-F0DF8B1C1B2D}.Debug|Any CPU.Build.0 = Debug|Any CPU
		{E1C14639-802C-4AAF-9AE3-F0DF8B1C1B2D}.Release|Any CPU.ActiveCfg = Release|Any CPU
		{E1C14639-802C-4AAF-9AE3-F0DF8B1C1B2D}.Release|Any CPU.Build.0 = Release|Any CPU
	EndGlobalSection
	GlobalSection(SolutionProperties) = preSolution
		HideSolutionNode = FALSE
	EndGlobalSection
	GlobalSection(ExtensibilityGlobals) = postSolution
		SolutionGuid = {FEAF39D5-4FE3-4C29-BE62-02E47E6A31E5}
	EndGlobalSection
EndGlobal
