
Microsoft Visual Studio Solution File, Format Version 12.00
# Visual Studio Version 17
VisualStudioVersion = 17.14.36310.24
MinimumVisualStudioVersion = 10.0.40219.1
Project("{FAE04EC0-301F-11D3-BF4B-00C04F79EFBC}") = "BankPro.API", "BankPro.API\BankPro.API.csproj", "{6463342A-3ACD-4540-8076-C42CCCDB37A7}"
EndProject
Project("{FAE04EC0-301F-11D3-BF4B-00C04F79EFBC}") = "BankPro.Core", "BankPro.Core\BankPro.Core.csproj", "{ACD3859E-30A7-4C00-802F-6E797AD5F2C6}"
EndProject
Project("{FAE04EC0-301F-11D3-BF4B-00C04F79EFBC}") = "BankPro.Infrastructure", "BankPro.Infrastructure\BankPro.Infrastructure.csproj", "{C5D2B870-12B4-4E44-BA50-8466D0E14A72}"
EndProject
Project("{FAE04EC0-301F-11D3-BF4B-00C04F79EFBC}") = "BankPro.Application", "BankPro.Application\BankPro.Application.csproj", "{176A3F27-9A63-4712-9E03-0CA01A4AB496}"
EndProject
Project("{FAE04EC0-301F-11D3-BF4B-00C04F79EFBC}") = "BankPro.Tests", "BankPro.Tests\BankPro.Tests.csproj", "{F38B6775-C409-46BD-A832-647D3FA23196}"
EndProject
Global
	GlobalSection(SolutionConfigurationPlatforms) = preSolution
		Debug|Any CPU = Debug|Any CPU
		Release|Any CPU = Release|Any CPU
	EndGlobalSection
	GlobalSection(ProjectConfigurationPlatforms) = postSolution
		{6463342A-3ACD-4540-8076-C42CCCDB37A7}.Debug|Any CPU.ActiveCfg = Debug|Any CPU
		{6463342A-3ACD-4540-8076-C42CCCDB37A7}.Debug|Any CPU.Build.0 = Debug|Any CPU
		{6463342A-3ACD-4540-8076-C42CCCDB37A7}.Release|Any CPU.ActiveCfg = Release|Any CPU
		{6463342A-3ACD-4540-8076-C42CCCDB37A7}.Release|Any CPU.Build.0 = Release|Any CPU
		{ACD3859E-30A7-4C00-802F-6E797AD5F2C6}.Debug|Any CPU.ActiveCfg = Debug|Any CPU
		{ACD3859E-30A7-4C00-802F-6E797AD5F2C6}.Debug|Any CPU.Build.0 = Debug|Any CPU
		{ACD3859E-30A7-4C00-802F-6E797AD5F2C6}.Release|Any CPU.ActiveCfg = Release|Any CPU
		{ACD3859E-30A7-4C00-802F-6E797AD5F2C6}.Release|Any CPU.Build.0 = Release|Any CPU
		{C5D2B870-12B4-4E44-BA50-8466D0E14A72}.Debug|Any CPU.ActiveCfg = Debug|Any CPU
		{C5D2B870-12B4-4E44-BA50-8466D0E14A72}.Debug|Any CPU.Build.0 = Debug|Any CPU
		{C5D2B870-12B4-4E44-BA50-8466D0E14A72}.Release|Any CPU.ActiveCfg = Release|Any CPU
		{C5D2B870-12B4-4E44-BA50-8466D0E14A72}.Release|Any CPU.Build.0 = Release|Any CPU
		{176A3F27-9A63-4712-9E03-0CA01A4AB496}.Debug|Any CPU.ActiveCfg = Debug|Any CPU
		{176A3F27-9A63-4712-9E03-0CA01A4AB496}.Debug|Any CPU.Build.0 = Debug|Any CPU
		{176A3F27-9A63-4712-9E03-0CA01A4AB496}.Release|Any CPU.ActiveCfg = Release|Any CPU
		{176A3F27-9A63-4712-9E03-0CA01A4AB496}.Release|Any CPU.Build.0 = Release|Any CPU
		{F38B6775-C409-46BD-A832-647D3FA23196}.Debug|Any CPU.ActiveCfg = Debug|Any CPU
		{F38B6775-C409-46BD-A832-647D3FA23196}.Debug|Any CPU.Build.0 = Debug|Any CPU
		{F38B6775-C409-46BD-A832-647D3FA23196}.Release|Any CPU.ActiveCfg = Release|Any CPU
		{F38B6775-C409-46BD-A832-647D3FA23196}.Release|Any CPU.Build.0 = Release|Any CPU
	EndGlobalSection
	GlobalSection(SolutionProperties) = preSolution
		HideSolutionNode = FALSE
	EndGlobalSection
	GlobalSection(ExtensibilityGlobals) = postSolution
		SolutionGuid = {555E338C-1884-490C-9979-D8F61B04CC84}
	EndGlobalSection
EndGlobal
