
Microsoft Visual Studio Solution File, Format Version 12.00
# Visual Studio Version 17
VisualStudioVersion = 17.14.36310.24 d17.14
MinimumVisualStudioVersion = 10.0.40219.1
Project("{FAE04EC0-301F-11D3-BF4B-00C04F79EFBC}") = "BugDashboardStats.Application", "BugDashboardStats.Application\BugDashboardStats.Application.csproj", "{3EB0987D-2852-4190-9F6D-D571BCDB73AF}"
EndProject
Project("{FAE04EC0-301F-11D3-BF4B-00C04F79EFBC}") = "BugDashboardStats.Core", "BugDashboardStats.Core\BugDashboardStats.Core.csproj", "{81805337-D637-4354-8161-DC65CEF456BA}"
EndProject
Project("{FAE04EC0-301F-11D3-BF4B-00C04F79EFBC}") = "BugDashboardStats.Infrastructure", "BugDashboardStats.Infrastructure\BugDashboardStats.Infrastructure.csproj", "{8915EBF3-C776-4BE5-9C7B-CA0C8151C417}"
EndProject
Project("{FAE04EC0-301F-11D3-BF4B-00C04F79EFBC}") = "BugDashboardStats.ConsoleUI", "BugDashboardStats.ConsoleUI\BugDashboardStats.ConsoleUI.csproj", "{9FF916D5-1C7C-4B7D-9B89-E0AD69734B03}"
EndProject
Global
	GlobalSection(SolutionConfigurationPlatforms) = preSolution
		Debug|Any CPU = Debug|Any CPU
		Release|Any CPU = Release|Any CPU
	EndGlobalSection
	GlobalSection(ProjectConfigurationPlatforms) = postSolution
		{3EB0987D-2852-4190-9F6D-D571BCDB73AF}.Debug|Any CPU.ActiveCfg = Debug|Any CPU
		{3EB0987D-2852-4190-9F6D-D571BCDB73AF}.Debug|Any CPU.Build.0 = Debug|Any CPU
		{3EB0987D-2852-4190-9F6D-D571BCDB73AF}.Release|Any CPU.ActiveCfg = Release|Any CPU
		{3EB0987D-2852-4190-9F6D-D571BCDB73AF}.Release|Any CPU.Build.0 = Release|Any CPU
		{81805337-D637-4354-8161-DC65CEF456BA}.Debug|Any CPU.ActiveCfg = Debug|Any CPU
		{81805337-D637-4354-8161-DC65CEF456BA}.Debug|Any CPU.Build.0 = Debug|Any CPU
		{81805337-D637-4354-8161-DC65CEF456BA}.Release|Any CPU.ActiveCfg = Release|Any CPU
		{81805337-D637-4354-8161-DC65CEF456BA}.Release|Any CPU.Build.0 = Release|Any CPU
		{8915EBF3-C776-4BE5-9C7B-CA0C8151C417}.Debug|Any CPU.ActiveCfg = Debug|Any CPU
		{8915EBF3-C776-4BE5-9C7B-CA0C8151C417}.Debug|Any CPU.Build.0 = Debug|Any CPU
		{8915EBF3-C776-4BE5-9C7B-CA0C8151C417}.Release|Any CPU.ActiveCfg = Release|Any CPU
		{8915EBF3-C776-4BE5-9C7B-CA0C8151C417}.Release|Any CPU.Build.0 = Release|Any CPU
		{9FF916D5-1C7C-4B7D-9B89-E0AD69734B03}.Debug|Any CPU.ActiveCfg = Debug|Any CPU
		{9FF916D5-1C7C-4B7D-9B89-E0AD69734B03}.Debug|Any CPU.Build.0 = Debug|Any CPU
		{9FF916D5-1C7C-4B7D-9B89-E0AD69734B03}.Release|Any CPU.ActiveCfg = Release|Any CPU
		{9FF916D5-1C7C-4B7D-9B89-E0AD69734B03}.Release|Any CPU.Build.0 = Release|Any CPU
	EndGlobalSection
	GlobalSection(SolutionProperties) = preSolution
		HideSolutionNode = FALSE
	EndGlobalSection
	GlobalSection(ExtensibilityGlobals) = postSolution
		SolutionGuid = {97DD43C8-69D1-4303-9AC9-D4D924537023}
	EndGlobalSection
EndGlobal
