
Microsoft Visual Studio Solution File, Format Version 12.00
# Visual Studio Version 17
VisualStudioVersion = 17.14.36310.24
MinimumVisualStudioVersion = 10.0.40219.1
Project("{FAE04EC0-301F-11D3-BF4B-00C04F79EFBC}") = "BugTrack.API", "BugTrack.API\BugTrack.API.csproj", "{DBDF6A12-5EAF-41C2-B1ED-45898C3743D7}"
EndProject
Project("{FAE04EC0-301F-11D3-BF4B-00C04F79EFBC}") = "BugTrack.Core", "BugTrack.Core\BugTrack.Core.csproj", "{7756E9F1-5191-4E1F-9D3B-643A49DD8A5C}"
EndProject
Project("{FAE04EC0-301F-11D3-BF4B-00C04F79EFBC}") = "BugTrack.Infrastructure", "BugTrack.Infrastructure\BugTrack.Infrastructure.csproj", "{9360817F-F1E9-42F4-9629-8A358A3B14A5}"
EndProject
Project("{FAE04EC0-301F-11D3-BF4B-00C04F79EFBC}") = "BugTrack.Application", "BugTrack.Application\BugTrack.Application.csproj", "{343DBF70-5CFC-42DE-9C61-064F181BC446}"
EndProject
Project("{FAE04EC0-301F-11D3-BF4B-00C04F79EFBC}") = "BugTrack.Tests", "BugTrack.Tests\BugTrack.Tests.csproj", "{789D4C1C-8C93-46A3-8F9C-327E5D994D37}"
EndProject
Project("{FAE04EC0-301F-11D3-BF4B-00C04F79EFBC}") = "BugTrack.MVC", "BugTrack.MVC\BugTrack.MVC.csproj", "{7F40B7FF-68A4-4DEC-8BC4-365E86B10C56}"
EndProject
Global
	GlobalSection(SolutionConfigurationPlatforms) = preSolution
		Debug|Any CPU = Debug|Any CPU
		Release|Any CPU = Release|Any CPU
	EndGlobalSection
	GlobalSection(ProjectConfigurationPlatforms) = postSolution
		{DBDF6A12-5EAF-41C2-B1ED-45898C3743D7}.Debug|Any CPU.ActiveCfg = Debug|Any CPU
		{DBDF6A12-5EAF-41C2-B1ED-45898C3743D7}.Debug|Any CPU.Build.0 = Debug|Any CPU
		{DBDF6A12-5EAF-41C2-B1ED-45898C3743D7}.Release|Any CPU.ActiveCfg = Release|Any CPU
		{DBDF6A12-5EAF-41C2-B1ED-45898C3743D7}.Release|Any CPU.Build.0 = Release|Any CPU
		{7756E9F1-5191-4E1F-9D3B-643A49DD8A5C}.Debug|Any CPU.ActiveCfg = Debug|Any CPU
		{7756E9F1-5191-4E1F-9D3B-643A49DD8A5C}.Debug|Any CPU.Build.0 = Debug|Any CPU
		{7756E9F1-5191-4E1F-9D3B-643A49DD8A5C}.Release|Any CPU.ActiveCfg = Release|Any CPU
		{7756E9F1-5191-4E1F-9D3B-643A49DD8A5C}.Release|Any CPU.Build.0 = Release|Any CPU
		{9360817F-F1E9-42F4-9629-8A358A3B14A5}.Debug|Any CPU.ActiveCfg = Debug|Any CPU
		{9360817F-F1E9-42F4-9629-8A358A3B14A5}.Debug|Any CPU.Build.0 = Debug|Any CPU
		{9360817F-F1E9-42F4-9629-8A358A3B14A5}.Release|Any CPU.ActiveCfg = Release|Any CPU
		{9360817F-F1E9-42F4-9629-8A358A3B14A5}.Release|Any CPU.Build.0 = Release|Any CPU
		{343DBF70-5CFC-42DE-9C61-064F181BC446}.Debug|Any CPU.ActiveCfg = Debug|Any CPU
		{343DBF70-5CFC-42DE-9C61-064F181BC446}.Debug|Any CPU.Build.0 = Debug|Any CPU
		{343DBF70-5CFC-42DE-9C61-064F181BC446}.Release|Any CPU.ActiveCfg = Release|Any CPU
		{343DBF70-5CFC-42DE-9C61-064F181BC446}.Release|Any CPU.Build.0 = Release|Any CPU
		{789D4C1C-8C93-46A3-8F9C-327E5D994D37}.Debug|Any CPU.ActiveCfg = Debug|Any CPU
		{789D4C1C-8C93-46A3-8F9C-327E5D994D37}.Debug|Any CPU.Build.0 = Debug|Any CPU
		{789D4C1C-8C93-46A3-8F9C-327E5D994D37}.Release|Any CPU.ActiveCfg = Release|Any CPU
		{789D4C1C-8C93-46A3-8F9C-327E5D994D37}.Release|Any CPU.Build.0 = Release|Any CPU
		{7F40B7FF-68A4-4DEC-8BC4-365E86B10C56}.Debug|Any CPU.ActiveCfg = Debug|Any CPU
		{7F40B7FF-68A4-4DEC-8BC4-365E86B10C56}.Debug|Any CPU.Build.0 = Debug|Any CPU
		{7F40B7FF-68A4-4DEC-8BC4-365E86B10C56}.Release|Any CPU.ActiveCfg = Release|Any CPU
		{7F40B7FF-68A4-4DEC-8BC4-365E86B10C56}.Release|Any CPU.Build.0 = Release|Any CPU
	EndGlobalSection
	GlobalSection(SolutionProperties) = preSolution
		HideSolutionNode = FALSE
	EndGlobalSection
	GlobalSection(ExtensibilityGlobals) = postSolution
		SolutionGuid = {E836DD2A-F421-426D-BB3D-10E582DD29FA}
	EndGlobalSection
EndGlobal
